# This file was autogenerated by Stack.
# You should not edit this file by hand.
# For more information, please see the documentation at:
#   https://docs.haskellstack.org/en/stable/lock_files

packages:
- completed:
    name: simple-cairo
    version: 0.1.0.0
    git: https://github.com/YoshikuniJujo/simple-cairo
    pantry-tree:
      size: 4744
      sha256: f00ead567bf1f6de193a5699436ae4a661da981651c91fea834efda28cbe350d
    commit: 09819dfc2bc0ad92eba2a9d693abd8407fdc5e94
  original:
    git: https://github.com/YoshikuniJujo/simple-cairo
    commit: 09819dfc2bc0ad92eba2a9d693abd8407fdc5e94
- completed:
    name: cairo-image
    version: 0.1.0.0
    git: https://github.com/YoshikuniJujo/cairo-image
    pantry-tree:
      size: 887
      sha256: 46d3b277fcd23a824bc7d035f7288a16db7a211cef6fa858e85c24f079d1cf8a
    commit: 905c6bf5edf2cee7be806ac5112f53d54012d5ce
  original:
    git: https://github.com/YoshikuniJujo/cairo-image
    commit: 905c6bf5edf2cee7be806ac5112f53d54012d5ce
- completed:
    name: glib-stopgap
    version: 0.1.0.0
    git: https://github.com/YoshikuniJujo/glib-stopgap
    pantry-tree:
      size: 1017
      sha256: 0a612ab896dca705ef6be3a8be76e6fa4e42063a3b411702b04f75183ca228ca
    commit: 662f02027d3da47e4a6f7e8e87dcc4b9a7dd758f
  original:
    git: https://github.com/YoshikuniJujo/glib-stopgap
    commit: 662f02027d3da47e4a6f7e8e87dcc4b9a7dd758f
snapshots:
- completed:
    size: 585393
    url: https://raw.githubusercontent.com/commercialhaskell/stackage-snapshots/master/nightly/2021/6/14.yaml
    sha256: a5edd4e65bdb6e56760e7d7c1275d2c3b24fb95e730e957e9d60824315e8801d
  original: nightly-2021-06-14
