# This file was autogenerated by Stack.
# You should not edit this file by hand.
# For more information, please see the documentation at:
#   https://docs.haskellstack.org/en/stable/lock_files

packages:
- completed:
    name: simple-cairo
    version: 0.1.0.0
    git: https://github.com/YoshikuniJujo/simple-cairo
    pantry-tree:
      size: 4958
      sha256: 5141754f5fe8abaaaf1dce5f46cf1a0c14b0681e63590389c70619b7b71f4fb1
    commit: ee391f137f90b3eebd50ee3fe46ecbf868920518
  original:
    git: https://github.com/YoshikuniJujo/simple-cairo
    commit: ee391f137f90b3eebd50ee3fe46ecbf868920518
- completed:
    name: cairo-image
    version: 0.1.0.0
    git: https://github.com/YoshikuniJujo/cairo-image
    pantry-tree:
      size: 887
      sha256: 46d3b277fcd23a824bc7d035f7288a16db7a211cef6fa858e85c24f079d1cf8a
    commit: 905c6bf5edf2cee7be806ac5112f53d54012d5ce
  original:
    git: https://github.com/YoshikuniJujo/cairo-image
    commit: 905c6bf5edf2cee7be806ac5112f53d54012d5ce
- completed:
    name: union-color
    version: 0.1.0.0
    git: https://github.com/YoshikuniJujo/union-color
    pantry-tree:
      size: 570
      sha256: b326ca41e516bace05d8824e310804ed2213057a042657ce31b0793daeb534a9
    commit: c1199422ab647ddf3b95df8ae3a4ff5992c30479
  original:
    git: https://github.com/YoshikuniJujo/union-color
    commit: c1199422ab647ddf3b95df8ae3a4ff5992c30479
- completed:
    name: glib-stopgap
    version: 0.1.0.0
    git: https://github.com/YoshikuniJujo/glib-stopgap
    pantry-tree:
      size: 1017
      sha256: 0a612ab896dca705ef6be3a8be76e6fa4e42063a3b411702b04f75183ca228ca
    commit: 662f02027d3da47e4a6f7e8e87dcc4b9a7dd758f
  original:
    git: https://github.com/YoshikuniJujo/glib-stopgap
    commit: 662f02027d3da47e4a6f7e8e87dcc4b9a7dd758f
snapshots:
- completed:
    size: 587546
    url: https://raw.githubusercontent.com/commercialhaskell/stackage-snapshots/master/lts/18/10.yaml
    sha256: 88b4f81e162ba3adc230a9fcccc4d19ac116377656bab56c7382ca88598b257a
  original: lts-18.10
